
Microsoft Visual Studio Solution File, Format Version 12.00
# Visual Studio Version 17
VisualStudioVersion = 17.6.33712.159
MinimumVisualStudioVersion = 10.0.40219.1
Project("{FAE04EC0-301F-11D3-BF4B-00C04F79EFBC}") = "15.hafta örnek", "15.hafta örnek\15.hafta örnek.csproj", "{7254DB1E-26A4-491F-BCCE-A2490B842763}"
EndProject
Global
	GlobalSection(SolutionConfigurationPlatforms) = preSolution
		Debug|Any CPU = Debug|Any CPU
		Release|Any CPU = Release|Any CPU
	EndGlobalSection
	GlobalSection(ProjectConfigurationPlatforms) = postSolution
		{7254DB1E-26A4-491F-BCCE-A2490B842763}.Debug|Any CPU.ActiveCfg = Debug|Any CPU
		{7254DB1E-26A4-491F-BCCE-A2490B842763}.Debug|Any CPU.Build.0 = Debug|Any CPU
		{7254DB1E-26A4-491F-BCCE-A2490B842763}.Release|Any CPU.ActiveCfg = Release|Any CPU
		{7254DB1E-26A4-491F-BCCE-A2490B842763}.Release|Any CPU.Build.0 = Release|Any CPU
	EndGlobalSection
	GlobalSection(SolutionProperties) = preSolution
		HideSolutionNode = FALSE
	EndGlobalSection
	GlobalSection(ExtensibilityGlobals) = postSolution
		SolutionGuid = {09E1EFC5-5549-4272-87A0-D0767E802235}
	EndGlobalSection
EndGlobal
